
Microsoft Visual Studio Solution File, Format Version 12.00
# Visual Studio for Mac
Project("{FAE04EC0-301F-11D3-BF4B-00C04F79EFBC}") = "vr-cooking", "Assembly-CSharp.csproj", "{CBF9A657-54E3-79A2-B776-A3EAA64D26FD}"
EndProject
Project("{FAE04EC0-301F-11D3-BF4B-00C04F79EFBC}") = "vr-cooking", "Assembly-CSharp-Editor.csproj", "{D3447F73-EA5B-B1AC-181F-2B230DF86738}"
EndProject
Global
	GlobalSection(SolutionConfigurationPlatforms) = preSolution
		Debug|Any CPU = Debug|Any CPU
		Release|Any CPU = Release|Any CPU
	EndGlobalSection
	GlobalSection(ProjectConfigurationPlatforms) = postSolution
		{CBF9A657-54E3-79A2-B776-A3EAA64D26FD}.Debug|Any CPU.ActiveCfg = Debug|Any CPU
		{CBF9A657-54E3-79A2-B776-A3EAA64D26FD}.Debug|Any CPU.Build.0 = Debug|Any CPU
		{CBF9A657-54E3-79A2-B776-A3EAA64D26FD}.Release|Any CPU.ActiveCfg = Release|Any CPU
		{CBF9A657-54E3-79A2-B776-A3EAA64D26FD}.Release|Any CPU.Build.0 = Release|Any CPU
		{D3447F73-EA5B-B1AC-181F-2B230DF86738}.Debug|Any CPU.ActiveCfg = Debug|Any CPU
		{D3447F73-EA5B-B1AC-181F-2B230DF86738}.Debug|Any CPU.Build.0 = Debug|Any CPU
		{D3447F73-EA5B-B1AC-181F-2B230DF86738}.Release|Any CPU.ActiveCfg = Release|Any CPU
		{D3447F73-EA5B-B1AC-181F-2B230DF86738}.Release|Any CPU.Build.0 = Release|Any CPU
	EndGlobalSection
	GlobalSection(SolutionProperties) = preSolution
		HideSolutionNode = FALSE
	EndGlobalSection
EndGlobal
